
Microsoft Visual Studio Solution File, Format Version 12.00
# Visual Studio Version 17
VisualStudioVersion = 17.7.34003.232
MinimumVisualStudioVersion = 10.0.40219.1
Project("{FAE04EC0-301F-11D3-BF4B-00C04F79EFBC}") = "Calculadora1", "Calculadora1\Calculadora1.csproj", "{2D51AE79-7C4B-418F-91C4-49E8B3AACC8F}"
EndProject
Global
	GlobalSection(SolutionConfigurationPlatforms) = preSolution
		Debug|Any CPU = Debug|Any CPU
		Release|Any CPU = Release|Any CPU
	EndGlobalSection
	GlobalSection(ProjectConfigurationPlatforms) = postSolution
		{2D51AE79-7C4B-418F-91C4-49E8B3AACC8F}.Debug|Any CPU.ActiveCfg = Debug|Any CPU
		{2D51AE79-7C4B-418F-91C4-49E8B3AACC8F}.Debug|Any CPU.Build.0 = Debug|Any CPU
		{2D51AE79-7C4B-418F-91C4-49E8B3AACC8F}.Release|Any CPU.ActiveCfg = Release|Any CPU
		{2D51AE79-7C4B-418F-91C4-49E8B3AACC8F}.Release|Any CPU.Build.0 = Release|Any CPU
	EndGlobalSection
	GlobalSection(SolutionProperties) = preSolution
		HideSolutionNode = FALSE
	EndGlobalSection
	GlobalSection(ExtensibilityGlobals) = postSolution
		SolutionGuid = {86F18D4F-EB04-4D20-98D9-38FDADC65F06}
	EndGlobalSection
EndGlobal
